
Microsoft Visual Studio Solution File, Format Version 12.00
# Visual Studio 15
VisualStudioVersion = 15.0.28010.2036
MinimumVisualStudioVersion = 10.0.40219.1
Project("{FAE04EC0-301F-11D3-BF4B-00C04F79EFBC}") = "Questions", "Questions\Questions.csproj", "{48470B0B-EE37-4B0E-98EE-6340F0768091}"
EndProject
Project("{FAE04EC0-301F-11D3-BF4B-00C04F79EFBC}") = "Questions.Console", "Questions.Console\Questions.Console.csproj", "{6FBE13DB-6631-4361-9FF1-8A5C4868EA11}"
EndProject
Project("{FAE04EC0-301F-11D3-BF4B-00C04F79EFBC}") = "Questions.UnitTest", "Questions.UnitTest\Questions.UnitTest.csproj", "{29FE47C6-CC43-456A-B0EC-12FC765F5D06}"
EndProject
Global
	GlobalSection(SolutionConfigurationPlatforms) = preSolution
		Debug|Any CPU = Debug|Any CPU
		Release|Any CPU = Release|Any CPU
	EndGlobalSection
	GlobalSection(ProjectConfigurationPlatforms) = postSolution
		{48470B0B-EE37-4B0E-98EE-6340F0768091}.Debug|Any CPU.ActiveCfg = Debug|Any CPU
		{48470B0B-EE37-4B0E-98EE-6340F0768091}.Debug|Any CPU.Build.0 = Debug|Any CPU
		{48470B0B-EE37-4B0E-98EE-6340F0768091}.Release|Any CPU.ActiveCfg = Release|Any CPU
		{48470B0B-EE37-4B0E-98EE-6340F0768091}.Release|Any CPU.Build.0 = Release|Any CPU
		{6FBE13DB-6631-4361-9FF1-8A5C4868EA11}.Debug|Any CPU.ActiveCfg = Debug|Any CPU
		{6FBE13DB-6631-4361-9FF1-8A5C4868EA11}.Debug|Any CPU.Build.0 = Debug|Any CPU
		{6FBE13DB-6631-4361-9FF1-8A5C4868EA11}.Release|Any CPU.ActiveCfg = Release|Any CPU
		{6FBE13DB-6631-4361-9FF1-8A5C4868EA11}.Release|Any CPU.Build.0 = Release|Any CPU
		{29FE47C6-CC43-456A-B0EC-12FC765F5D06}.Debug|Any CPU.ActiveCfg = Debug|Any CPU
		{29FE47C6-CC43-456A-B0EC-12FC765F5D06}.Debug|Any CPU.Build.0 = Debug|Any CPU
		{29FE47C6-CC43-456A-B0EC-12FC765F5D06}.Release|Any CPU.ActiveCfg = Release|Any CPU
		{29FE47C6-CC43-456A-B0EC-12FC765F5D06}.Release|Any CPU.Build.0 = Release|Any CPU
	EndGlobalSection
	GlobalSection(SolutionProperties) = preSolution
		HideSolutionNode = FALSE
	EndGlobalSection
	GlobalSection(ExtensibilityGlobals) = postSolution
		SolutionGuid = {FE642A56-EB70-4FA6-8746-3E53CE2085E8}
	EndGlobalSection
EndGlobal
